github.com/lertrel/goforit v0.0.0-20210216142827-e8fa9f66c71b h1:gLmHlSYs3saSWSkBJrV6eNPsxLCaWnHCa/8BnjVz33g=
github.com/lertrel/goforit v0.0.0-20210216142827-e8fa9f66c71b/go.mod h1:SSoog25PV1AoXOl4x3lw+O71dzW/StDg86dtezX4tjk=
github.com/lertrel/goforit v0.0.0-20210223030809-820eef37f8fe h1:e+e1Q9kKa5N0XqJH2PY3Prmr6swnVkI/Q0wYy8kx19I=
github.com/lertrel/goforit v0.0.0-20210223030809-820eef37f8fe/go.mod h1:SSoog25PV1AoXOl4x3lw+O71dzW/StDg86dtezX4tjk=
github.com/robertkrimen/otto v0.0.0-20200922221731-ef014fd054ac h1:kYPjbEN6YPYWWHI6ky1J813KzIq/8+Wg4TO4xU7A/KU=
github.com/robertkrimen/otto v0.0.0-20200922221731-ef014fd054ac/go.mod h1:xvqspoSXJTIpemEonrMDFq6XzwHYYgToXWj5eRX1OtY=
gopkg.in/sourcemap.v1 v1.0.5 h1:inv58fC9f9J3TK2Y2R1NPntXEn3/wjWHkonhIUODNTI=
gopkg.in/sourcemap.v1 v1.0.5/go.mod h1:2RlvNNSMglmRrcvhfuzp4hQHwOtjxlbjX7UPY/GXb78=
